// !$*UTF8*$!
{
	archiveVersion = 1;
	classes = {
	};
	objectVersion = 46;
	objects = {

/* Begin PBXBuildFile section */
		58AF8D6B1F3D92490080A017 /* Constants.swift in Sources */ = {isa = PBXBuildFile; fileRef = 58AF8D6A1F3D92490080A017 /* Constants.swift */; };
		58C39DBB1F3C0489001741EB /* AppDelegate.swift in Sources */ = {isa = PBXBuildFile; fileRef = 58C39DBA1F3C0489001741EB /* AppDelegate.swift */; };
		58C39DC01F3C0489001741EB /* Main.storyboard in Resources */ = {isa = PBXBuildFile; fileRef = 58C39DBE1F3C0489001741EB /* Main.storyboard */; };
		58C39DC21F3C0489001741EB /* Assets.xcassets in Resources */ = {isa = PBXBuildFile; fileRef = 58C39DC11F3C0489001741EB /* Assets.xcassets */; };
		58C39DC51F3C0489001741EB /* LaunchScreen.storyboard in Resources */ = {isa = PBXBuildFile; fileRef = 58C39DC31F3C0489001741EB /* LaunchScreen.storyboard */; };
		58C39DCE1F3C077A001741EB /* NavigationCustom.xib in Resources */ = {isa = PBXBuildFile; fileRef = 58C39DCD1F3C077A001741EB /* NavigationCustom.xib */; };
		58C39DD01F3C10C0001741EB /* NavigationCustom.swift in Sources */ = {isa = PBXBuildFile; fileRef = 58C39DCF1F3C10C0001741EB /* NavigationCustom.swift */; };
		58C39DD21F3C1F41001741EB /* BaseViewController.swift in Sources */ = {isa = PBXBuildFile; fileRef = 58C39DD11F3C1F41001741EB /* BaseViewController.swift */; };
		58C39DDB1F3C47AB001741EB /* MainViewCell.swift in Sources */ = {isa = PBXBuildFile; fileRef = 58C39DDA1F3C47AB001741EB /* MainViewCell.swift */; };
		58C39DDD1F3C49C5001741EB /* MainViewController.swift in Sources */ = {isa = PBXBuildFile; fileRef = 58C39DDC1F3C49C5001741EB /* MainViewController.swift */; };
		58C39DE01F3C4F5D001741EB /* NewsModel.swift in Sources */ = {isa = PBXBuildFile; fileRef = 58C39DDF1F3C4F5D001741EB /* NewsModel.swift */; };
		58C39DE21F3C5662001741EB /* BottomView.xib in Resources */ = {isa = PBXBuildFile; fileRef = 58C39DE11F3C5662001741EB /* BottomView.xib */; };
		58C39DE41F3C576C001741EB /* DetailViewController.swift in Sources */ = {isa = PBXBuildFile; fileRef = 58C39DE31F3C576C001741EB /* DetailViewController.swift */; };
		58C39DE61F3C5B0B001741EB /* BottomView.swift in Sources */ = {isa = PBXBuildFile; fileRef = 58C39DE51F3C5B0B001741EB /* BottomView.swift */; };
/* End PBXBuildFile section */

/* Begin PBXFileReference section */
		58AF8D6A1F3D92490080A017 /* Constants.swift */ = {isa = PBXFileReference; fileEncoding = 4; lastKnownFileType = sourcecode.swift; path = Constants.swift; sourceTree = "<group>"; };
		58C39DB71F3C0489001741EB /* BookApp.app */ = {isa = PBXFileReference; explicitFileType = wrapper.application; includeInIndex = 0; path = BookApp.app; sourceTree = BUILT_PRODUCTS_DIR; };
		58C39DBA1F3C0489001741EB /* AppDelegate.swift */ = {isa = PBXFileReference; lastKnownFileType = sourcecode.swift; path = AppDelegate.swift; sourceTree = "<group>"; };
		58C39DBF1F3C0489001741EB /* Base */ = {isa = PBXFileReference; lastKnownFileType = file.storyboard; name = Base; path = Base.lproj/Main.storyboard; sourceTree = "<group>"; };
		58C39DC11F3C0489001741EB /* Assets.xcassets */ = {isa = PBXFileReference; lastKnownFileType = folder.assetcatalog; path = Assets.xcassets; sourceTree = "<group>"; };
		58C39DC41F3C0489001741EB /* Base */ = {isa = PBXFileReference; lastKnownFileType = file.storyboard; name = Base; path = Base.lproj/LaunchScreen.storyboard; sourceTree = "<group>"; };
		58C39DC61F3C0489001741EB /* Info.plist */ = {isa = PBXFileReference; lastKnownFileType = text.plist.xml; path = Info.plist; sourceTree = "<group>"; };
		58C39DCD1F3C077A001741EB /* NavigationCustom.xib */ = {isa = PBXFileReference; fileEncoding = 4; lastKnownFileType = file.xib; path = NavigationCustom.xib; sourceTree = "<group>"; };
		58C39DCF1F3C10C0001741EB /* NavigationCustom.swift */ = {isa = PBXFileReference; fileEncoding = 4; lastKnownFileType = sourcecode.swift; path = NavigationCustom.swift; sourceTree = "<group>"; };
		58C39DD11F3C1F41001741EB /* BaseViewController.swift */ = {isa = PBXFileReference; fileEncoding = 4; lastKnownFileType = sourcecode.swift; path = BaseViewController.swift; sourceTree = "<group>"; };
		58C39DDA1F3C47AB001741EB /* MainViewCell.swift */ = {isa = PBXFileReference; fileEncoding = 4; lastKnownFileType = sourcecode.swift; path = MainViewCell.swift; sourceTree = "<group>"; };
		58C39DDC1F3C49C5001741EB /* MainViewController.swift */ = {isa = PBXFileReference; fileEncoding = 4; lastKnownFileType = sourcecode.swift; path = MainViewController.swift; sourceTree = "<group>"; };
		58C39DDF1F3C4F5D001741EB /* NewsModel.swift */ = {isa = PBXFileReference; fileEncoding = 4; lastKnownFileType = sourcecode.swift; path = NewsModel.swift; sourceTree = "<group>"; };
		58C39DE11F3C5662001741EB /* BottomView.xib */ = {isa = PBXFileReference; fileEncoding = 4; lastKnownFileType = file.xib; path = BottomView.xib; sourceTree = "<group>"; };
		58C39DE31F3C576C001741EB /* DetailViewController.swift */ = {isa = PBXFileReference; fileEncoding = 4; lastKnownFileType = sourcecode.swift; path = DetailViewController.swift; sourceTree = "<group>"; };
		58C39DE51F3C5B0B001741EB /* BottomView.swift */ = {isa = PBXFileReference; fileEncoding = 4; lastKnownFileType = sourcecode.swift; path = BottomView.swift; sourceTree = "<group>"; };
/* End PBXFileReference section */

/* Begin PBXFrameworksBuildPhase section */
		58C39DB41F3C0489001741EB /* Frameworks */ = {
			isa = PBXFrameworksBuildPhase;
			buildActionMask = 2147483647;
			files = (
			);
			runOnlyForDeploymentPostprocessing = 0;
		};
/* End PBXFrameworksBuildPhase section */

/* Begin PBXGroup section */
		58C39DAE1F3C0489001741EB = {
			isa = PBXGroup;
			children = (
				58C39DB91F3C0489001741EB /* BookApp */,
				58C39DB81F3C0489001741EB /* Products */,
			);
			sourceTree = "<group>";
		};
		58C39DB81F3C0489001741EB /* Products */ = {
			isa = PBXGroup;
			children = (
				58C39DB71F3C0489001741EB /* BookApp.app */,
			);
			name = Products;
			sourceTree = "<group>";
		};
		58C39DB91F3C0489001741EB /* BookApp */ = {
			isa = PBXGroup;
			children = (
				58C39DBA1F3C0489001741EB /* AppDelegate.swift */,
				58C39DD11F3C1F41001741EB /* BaseViewController.swift */,
				58AF8D6A1F3D92490080A017 /* Constants.swift */,
				58C39DBE1F3C0489001741EB /* Main.storyboard */,
				58C39DC11F3C0489001741EB /* Assets.xcassets */,
				58C39DD51F3C360F001741EB /* Controller */,
				58C39DDE1F3C4EFA001741EB /* Model */,
				58C39DCC1F3C072E001741EB /* CustomNavigation */,
				58C39DC31F3C0489001741EB /* LaunchScreen.storyboard */,
				58C39DC61F3C0489001741EB /* Info.plist */,
			);
			path = BookApp;
			sourceTree = "<group>";
		};
		58C39DCC1F3C072E001741EB /* CustomNavigation */ = {
			isa = PBXGroup;
			children = (
				58C39DCD1F3C077A001741EB /* NavigationCustom.xib */,
				58C39DCF1F3C10C0001741EB /* NavigationCustom.swift */,
				58C39DE51F3C5B0B001741EB /* BottomView.swift */,
				58C39DE11F3C5662001741EB /* BottomView.xib */,
			);
			name = CustomNavigation;
			sourceTree = "<group>";
		};
		58C39DD51F3C360F001741EB /* Controller */ = {
			isa = PBXGroup;
			children = (
				58C39DD61F3C363F001741EB /* News */,
				58C39DD71F3C364C001741EB /* Books */,
				58C39DD81F3C365D001741EB /* Teacher */,
				58C39DD91F3C3675001741EB /* Clubs */,
			);
			name = Controller;
			sourceTree = "<group>";
		};
		58C39DD61F3C363F001741EB /* News */ = {
			isa = PBXGroup;
			children = (
				58C39DDA1F3C47AB001741EB /* MainViewCell.swift */,
				58C39DDC1F3C49C5001741EB /* MainViewController.swift */,
				58C39DE31F3C576C001741EB /* DetailViewController.swift */,
			);
			name = News;
			sourceTree = "<group>";
		};
		58C39DD71F3C364C001741EB /* Books */ = {
			isa = PBXGroup;
			children = (
			);
			name = Books;
			sourceTree = "<group>";
		};
		58C39DD81F3C365D001741EB /* Teacher */ = {
			isa = PBXGroup;
			children = (
			);
			name = Teacher;
			sourceTree = "<group>";
		};
		58C39DD91F3C3675001741EB /* Clubs */ = {
			isa = PBXGroup;
			children = (
			);
			name = Clubs;
			sourceTree = "<group>";
		};
		58C39DDE1F3C4EFA001741EB /* Model */ = {
			isa = PBXGroup;
			children = (
				58C39DDF1F3C4F5D001741EB /* NewsModel.swift */,
			);
			name = Model;
			sourceTree = "<group>";
		};
/* End PBXGroup section */

/* Begin PBXNativeTarget section */
		58C39DB61F3C0489001741EB /* BookApp */ = {
			isa = PBXNativeTarget;
			buildConfigurationList = 58C39DC91F3C0489001741EB /* Build configuration list for PBXNativeTarget "BookApp" */;
			buildPhases = (
				58C39DB31F3C0489001741EB /* Sources */,
				58C39DB41F3C0489001741EB /* Frameworks */,
				58C39DB51F3C0489001741EB /* Resources */,
			);
			buildRules = (
			);
			dependencies = (
			);
			name = BookApp;
			productName = BookApp;
			productReference = 58C39DB71F3C0489001741EB /* BookApp.app */;
			productType = "com.apple.product-type.application";
		};
/* End PBXNativeTarget section */

/* Begin PBXProject section */
		58C39DAF1F3C0489001741EB /* Project object */ = {
			isa = PBXProject;
			attributes = {
				LastSwiftUpdateCheck = 0830;
				LastUpgradeCheck = 0830;
				ORGANIZATIONNAME = "Le Cong";
				TargetAttributes = {
					58C39DB61F3C0489001741EB = {
						CreatedOnToolsVersion = 8.3.3;
						DevelopmentTeam = HDNMHL7M4Y;
						ProvisioningStyle = Automatic;
					};
				};
			};
			buildConfigurationList = 58C39DB21F3C0489001741EB /* Build configuration list for PBXProject "BookApp" */;
			compatibilityVersion = "Xcode 3.2";
			developmentRegion = English;
			hasScannedForEncodings = 0;
			knownRegions = (
				en,
				Base,
			);
			mainGroup = 58C39DAE1F3C0489001741EB;
			productRefGroup = 58C39DB81F3C0489001741EB /* Products */;
			projectDirPath = "";
			projectRoot = "";
			targets = (
				58C39DB61F3C0489001741EB /* BookApp */,
			);
		};
/* End PBXProject section */

/* Begin PBXResourcesBuildPhase section */
		58C39DB51F3C0489001741EB /* Resources */ = {
			isa = PBXResourcesBuildPhase;
			buildActionMask = 2147483647;
			files = (
				58C39DCE1F3C077A001741EB /* NavigationCustom.xib in Resources */,
				58C39DC51F3C0489001741EB /* LaunchScreen.storyboard in Resources */,
				58C39DE21F3C5662001741EB /* BottomView.xib in Resources */,
				58C39DC21F3C0489001741EB /* Assets.xcassets in Resources */,
				58C39DC01F3C0489001741EB /* Main.storyboard in Resources */,
			);
			runOnlyForDeploymentPostprocessing = 0;
		};
/* End PBXResourcesBuildPhase section */

/* Begin PBXSourcesBuildPhase section */
		58C39DB31F3C0489001741EB /* Sources */ = {
			isa = PBXSourcesBuildPhase;
			buildActionMask = 2147483647;
			files = (
				58C39DE01F3C4F5D001741EB /* NewsModel.swift in Sources */,
				58C39DDB1F3C47AB001741EB /* MainViewCell.swift in Sources */,
				58C39DD01F3C10C0001741EB /* NavigationCustom.swift in Sources */,
				58C39DE61F3C5B0B001741EB /* BottomView.swift in Sources */,
				58C39DD21F3C1F41001741EB /* BaseViewController.swift in Sources */,
				58C39DBB1F3C0489001741EB /* AppDelegate.swift in Sources */,
				58C39DDD1F3C49C5001741EB /* MainViewController.swift in Sources */,
				58C39DE41F3C576C001741EB /* DetailViewController.swift in Sources */,
				58AF8D6B1F3D92490080A017 /* Constants.swift in Sources */,
			);
			runOnlyForDeploymentPostprocessing = 0;
		};
/* End PBXSourcesBuildPhase section */

/* Begin PBXVariantGroup section */
		58C39DBE1F3C0489001741EB /* Main.storyboard */ = {
			isa = PBXVariantGroup;
			children = (
				58C39DBF1F3C0489001741EB /* Base */,
			);
			name = Main.storyboard;
			sourceTree = "<group>";
		};
		58C39DC31F3C0489001741EB /* LaunchScreen.storyboard */ = {
			isa = PBXVariantGroup;
			children = (
				58C39DC41F3C0489001741EB /* Base */,
			);
			name = LaunchScreen.storyboard;
			sourceTree = "<group>";
		};
/* End PBXVariantGroup section */

/* Begin XCBuildConfiguration section */
		58C39DC71F3C0489001741EB /* Debug */ = {
			isa = XCBuildConfiguration;
			buildSettings = {
				ALWAYS_SEARCH_USER_PATHS = NO;
				CLANG_ANALYZER_NONNULL = YES;
				CLANG_ANALYZER_NUMBER_OBJECT_CONVERSION = YES_AGGRESSIVE;
				CLANG_CXX_LANGUAGE_STANDARD = "gnu++0x";
				CLANG_CXX_LIBRARY = "libc++";
				CLANG_ENABLE_MODULES = YES;
				CLANG_ENABLE_OBJC_ARC = YES;
				CLANG_WARN_BOOL_CONVERSION = YES;
				CLANG_WARN_CONSTANT_CONVERSION = YES;
				CLANG_WARN_DIRECT_OBJC_ISA_USAGE = YES_ERROR;
				CLANG_WARN_DOCUMENTATION_COMMENTS = YES;
				CLANG_WARN_EMPTY_BODY = YES;
				CLANG_WARN_ENUM_CONVERSION = YES;
				CLANG_WARN_INFINITE_RECURSION = YES;
				CLANG_WARN_INT_CONVERSION = YES;
				CLANG_WARN_OBJC_ROOT_CLASS = YES_ERROR;
				CLANG_WARN_SUSPICIOUS_MOVE = YES;
				CLANG_WARN_UNREACHABLE_CODE = YES;
				CLANG_WARN__DUPLICATE_METHOD_MATCH = YES;
				"CODE_SIGN_IDENTITY[sdk=iphoneos*]" = "iPhone Developer";
				COPY_PHASE_STRIP = NO;
				DEBUG_INFORMATION_FORMAT = dwarf;
				ENABLE_STRICT_OBJC_MSGSEND = YES;
				ENABLE_TESTABILITY = YES;
				GCC_C_LANGUAGE_STANDARD = gnu99;
				GCC_DYNAMIC_NO_PIC = NO;
				GCC_NO_COMMON_BLOCKS = YES;
				GCC_OPTIMIZATION_LEVEL = 0;
				GCC_PREPROCESSOR_DEFINITIONS = (
					"DEBUG=1",
					"$(inherited)",
				);
				GCC_WARN_64_TO_32_BIT_CONVERSION = YES;
				GCC_WARN_ABOUT_RETURN_TYPE = YES_ERROR;
				GCC_WARN_UNDECLARED_SELECTOR = YES;
				GCC_WARN_UNINITIALIZED_AUTOS = YES_AGGRESSIVE;
				GCC_WARN_UNUSED_FUNCTION = YES;
				GCC_WARN_UNUSED_VARIABLE = YES;
				IPHONEOS_DEPLOYMENT_TARGET = 10.3;
				MTL_ENABLE_DEBUG_INFO = YES;
				ONLY_ACTIVE_ARCH = YES;
				SDKROOT = iphoneos;
				SWIFT_ACTIVE_COMPILATION_CONDITIONS = DEBUG;
				SWIFT_OPTIMIZATION_LEVEL = "-Onone";
			};
			name = Debug;
		};
		58C39DC81F3C0489001741EB /* Release */ = {
			isa = XCBuildConfiguration;
			buildSettings = {
				ALWAYS_SEARCH_USER_PATHS = NO;
				CLANG_ANALYZER_NONNULL = YES;
				CLANG_ANALYZER_NUMBER_OBJECT_CONVERSION = YES_AGGRESSIVE;
				CLANG_CXX_LANGUAGE_STANDARD = "gnu++0x";
				CLANG_CXX_LIBRARY = "libc++";
				CLANG_ENABLE_MODULES = YES;
				CLANG_ENABLE_OBJC_ARC = YES;
				CLANG_WARN_BOOL_CONVERSION = YES;
				CLANG_WARN_CONSTANT_CONVERSION = YES;
				CLANG_WARN_DIRECT_OBJC_ISA_USAGE = YES_ERROR;
				CLANG_WARN_DOCUMENTATION_COMMENTS = YES;
				CLANG_WARN_EMPTY_BODY = YES;
				CLANG_WARN_ENUM_CONVERSION = YES;
				CLANG_WARN_INFINITE_RECURSION = YES;
				CLANG_WARN_INT_CONVERSION = YES;
				CLANG_WARN_OBJC_ROOT_CLASS = YES_ERROR;
				CLANG_WARN_SUSPICIOUS_MOVE = YES;
				CLANG_WARN_UNREACHABLE_CODE = YES;
				CLANG_WARN__DUPLICATE_METHOD_MATCH = YES;
				"CODE_SIGN_IDENTITY[sdk=iphoneos*]" = "iPhone Developer";
				COPY_PHASE_STRIP = NO;
				DEBUG_INFORMATION_FORMAT = "dwarf-with-dsym";
				ENABLE_NS_ASSERTIONS = NO;
				ENABLE_STRICT_OBJC_MSGSEND = YES;
				GCC_C_LANGUAGE_STANDARD = gnu99;
				GCC_NO_COMMON_BLOCKS = YES;
				GCC_WARN_64_TO_32_BIT_CONVERSION = YES;
				GCC_WARN_ABOUT_RETURN_TYPE = YES_ERROR;
				GCC_WARN_UNDECLARED_SELECTOR = YES;
				GCC_WARN_UNINITIALIZED_AUTOS = YES_AGGRESSIVE;
				GCC_WARN_UNUSED_FUNCTION = YES;
				GCC_WARN_UNUSED_VARIABLE = YES;
				IPHONEOS_DEPLOYMENT_TARGET = 10.3;
				MTL_ENABLE_DEBUG_INFO = NO;
				SDKROOT = iphoneos;
				SWIFT_OPTIMIZATION_LEVEL = "-Owholemodule";
				VALIDATE_PRODUCT = YES;
			};
			name = Release;
		};
		58C39DCA1F3C0489001741EB /* Debug */ = {
			isa = XCBuildConfiguration;
			buildSettings = {
				ASSETCATALOG_COMPILER_APPICON_NAME = AppIcon;
				DEVELOPMENT_TEAM = HDNMHL7M4Y;
				INFOPLIST_FILE = BookApp/Info.plist;
				IPHONEOS_DEPLOYMENT_TARGET = 8.0;
				LD_RUNPATH_SEARCH_PATHS = "$(inherited) @executable_path/Frameworks";
				PRODUCT_BUNDLE_IDENTIFIER = vn.conglv.BookApp;
				PRODUCT_NAME = "$(TARGET_NAME)";
				SWIFT_VERSION = 3.0;
			};
			name = Debug;
		};
		58C39DCB1F3C0489001741EB /* Release */ = {
			isa = XCBuildConfiguration;
			buildSettings = {
				ASSETCATALOG_COMPILER_APPICON_NAME = AppIcon;
				DEVELOPMENT_TEAM = HDNMHL7M4Y;
				INFOPLIST_FILE = BookApp/Info.plist;
				IPHONEOS_DEPLOYMENT_TARGET = 8.0;
				LD_RUNPATH_SEARCH_PATHS = "$(inherited) @executable_path/Frameworks";
				PRODUCT_BUNDLE_IDENTIFIER = vn.conglv.BookApp;
				PRODUCT_NAME = "$(TARGET_NAME)";
				SWIFT_VERSION = 3.0;
			};
			name = Release;
		};
/* End XCBuildConfiguration section */

/* Begin XCConfigurationList section */
		58C39DB21F3C0489001741EB /* Build configuration list for PBXProject "BookApp" */ = {
			isa = XCConfigurationList;
			buildConfigurations = (
				58C39DC71F3C0489001741EB /* Debug */,
				58C39DC81F3C0489001741EB /* Release */,
			);
			defaultConfigurationIsVisible = 0;
			defaultConfigurationName = Release;
		};
		58C39DC91F3C0489001741EB /* Build configuration list for PBXNativeTarget "BookApp" */ = {
			isa = XCConfigurationList;
			buildConfigurations = (
				58C39DCA1F3C0489001741EB /* Debug */,
				58C39DCB1F3C0489001741EB /* Release */,
			);
			defaultConfigurationIsVisible = 0;
			defaultConfigurationName = Release;
		};
/* End XCConfigurationList section */
	};
	rootObject = 58C39DAF1F3C0489001741EB /* Project object */;
}
