// !$*UTF8*$!
{
	archiveVersion = 1;
	classes = {
	};
	objectVersion = 46;
	objects = {

/* Begin PBXBuildFile section */
		58AF8D6B1F3D92490080A017 /* Constants.swift in Sources */ = {isa = PBXBuildFile; fileRef = 58AF8D6A1F3D92490080A017 /* Constants.swift */; };
		58AF8D6D1F3EA9F40080A017 /* BookViewController.swift in Sources */ = {isa = PBXBuildFile; fileRef = 58AF8D6C1F3EA9F40080A017 /* BookViewController.swift */; };
		58AF8D6F1F3EAF910080A017 /* TeacherViewController.swift in Sources */ = {isa = PBXBuildFile; fileRef = 58AF8D6E1F3EAF910080A017 /* TeacherViewController.swift */; };
		58C39DBB1F3C0489001741EB /* AppDelegate.swift in Sources */ = {isa = PBXBuildFile; fileRef = 58C39DBA1F3C0489001741EB /* AppDelegate.swift */; };
		58C39DC01F3C0489001741EB /* Main.storyboard in Resources */ = {isa = PBXBuildFile; fileRef = 58C39DBE1F3C0489001741EB /* Main.storyboard */; };
		58C39DC21F3C0489001741EB /* Assets.xcassets in Resources */ = {isa = PBXBuildFile; fileRef = 58C39DC11F3C0489001741EB /* Assets.xcassets */; };
		58C39DC51F3C0489001741EB /* LaunchScreen.storyboard in Resources */ = {isa = PBXBuildFile; fileRef = 58C39DC31F3C0489001741EB /* LaunchScreen.storyboard */; };
		58C39DCE1F3C077A001741EB /* NavigationCustom.xib in Resources */ = {isa = PBXBuildFile; fileRef = 58C39DCD1F3C077A001741EB /* NavigationCustom.xib */; };
		58C39DD01F3C10C0001741EB /* NavigationCustom.swift in Sources */ = {isa = PBXBuildFile; fileRef = 58C39DCF1F3C10C0001741EB /* NavigationCustom.swift */; };
		58C39DD21F3C1F41001741EB /* BaseViewController.swift in Sources */ = {isa = PBXBuildFile; fileRef = 58C39DD11F3C1F41001741EB /* BaseViewController.swift */; };
		58C39DDB1F3C47AB001741EB /* MainViewCell.swift in Sources */ = {isa = PBXBuildFile; fileRef = 58C39DDA1F3C47AB001741EB /* MainViewCell.swift */; };
		58C39DDD1F3C49C5001741EB /* MainViewController.swift in Sources */ = {isa = PBXBuildFile; fileRef = 58C39DDC1F3C49C5001741EB /* MainViewController.swift */; };
		58C39DE01F3C4F5D001741EB /* NewsModel.swift in Sources */ = {isa = PBXBuildFile; fileRef = 58C39DDF1F3C4F5D001741EB /* NewsModel.swift */; };
		58C39DE21F3C5662001741EB /* BottomView.xib in Resources */ = {isa = PBXBuildFile; fileRef = 58C39DE11F3C5662001741EB /* BottomView.xib */; };
		58C39DE41F3C576C001741EB /* DetailNewsController.swift in Sources */ = {isa = PBXBuildFile; fileRef = 58C39DE31F3C576C001741EB /* DetailNewsController.swift */; };
		58C39DE61F3C5B0B001741EB /* BottomView.swift in Sources */ = {isa = PBXBuildFile; fileRef = 58C39DE51F3C5B0B001741EB /* BottomView.swift */; };
		6DE04FD41F414F33002C5E25 /* BaseViewcontrollerExtend.swift in Sources */ = {isa = PBXBuildFile; fileRef = 6DE04FD31F414F33002C5E25 /* BaseViewcontrollerExtend.swift */; };
		6DED74B91F4C1D6800E4E42F /* BookTypeViewCell.swift in Sources */ = {isa = PBXBuildFile; fileRef = 6DED74B81F4C1D6800E4E42F /* BookTypeViewCell.swift */; };
		6DEDBD531F4593BE00526AD0 /* CustomBookCollection.xib in Resources */ = {isa = PBXBuildFile; fileRef = 6DEDBD521F4593BE00526AD0 /* CustomBookCollection.xib */; };
		6DEDBD551F4593DD00526AD0 /* CustomBookCollection.swift in Sources */ = {isa = PBXBuildFile; fileRef = 6DEDBD541F4593DD00526AD0 /* CustomBookCollection.swift */; };
		6DEDBD5C1F459B8500526AD0 /* BookCollectionViewCell.swift in Sources */ = {isa = PBXBuildFile; fileRef = 6DEDBD5A1F459B8500526AD0 /* BookCollectionViewCell.swift */; };
		6DEDBD5D1F459B8500526AD0 /* BookCollectionViewCell.xib in Resources */ = {isa = PBXBuildFile; fileRef = 6DEDBD5B1F459B8500526AD0 /* BookCollectionViewCell.xib */; };
		6DEFD56A1F500B6900393E77 /* GetTypeOfBookTask.swift in Sources */ = {isa = PBXBuildFile; fileRef = 6DEFD5691F500B6900393E77 /* GetTypeOfBookTask.swift */; };
		6DEFD56C1F500C5400393E77 /* DefineURL.swift in Sources */ = {isa = PBXBuildFile; fileRef = 6DEFD56B1F500C5400393E77 /* DefineURL.swift */; };
		6DEFD56E1F500EF500393E77 /* BookType.swift in Sources */ = {isa = PBXBuildFile; fileRef = 6DEFD56D1F500EF500393E77 /* BookType.swift */; };
		6DEFD5721F501E2000393E77 /* GetListBookForTypeTask.swift in Sources */ = {isa = PBXBuildFile; fileRef = 6DEFD5711F501E2000393E77 /* GetListBookForTypeTask.swift */; };
		6DEFD7481F4A746800FB0CA5 /* CustomTopTabbar.xib in Resources */ = {isa = PBXBuildFile; fileRef = 6DEFD7471F4A746800FB0CA5 /* CustomTopTabbar.xib */; };
		6DEFD74A1F4A748500FB0CA5 /* CustomTopTabbar.swift in Sources */ = {isa = PBXBuildFile; fileRef = 6DEFD7491F4A748500FB0CA5 /* CustomTopTabbar.swift */; };
		6DEFD74E1F4A7D1B00FB0CA5 /* BookAudioController.swift in Sources */ = {isa = PBXBuildFile; fileRef = 6DEFD74D1F4A7D1B00FB0CA5 /* BookAudioController.swift */; };
		6DEFD7501F4A7D2F00FB0CA5 /* BookVideoController.swift in Sources */ = {isa = PBXBuildFile; fileRef = 6DEFD74F1F4A7D2F00FB0CA5 /* BookVideoController.swift */; };
		6DEFD7521F4A7D3E00FB0CA5 /* BookTextController.swift in Sources */ = {isa = PBXBuildFile; fileRef = 6DEFD7511F4A7D3E00FB0CA5 /* BookTextController.swift */; };
		6DEFD7541F4A974800FB0CA5 /* BookDetailViewController.swift in Sources */ = {isa = PBXBuildFile; fileRef = 6DEFD7531F4A974800FB0CA5 /* BookDetailViewController.swift */; };
		6DF243A91F4D6F9400366E2F /* Type2DetailNewsViewController.swift in Sources */ = {isa = PBXBuildFile; fileRef = 6DF243A81F4D6F9400366E2F /* Type2DetailNewsViewController.swift */; };
		6DF310FD1F4288AC008B2878 /* Book.swift in Sources */ = {isa = PBXBuildFile; fileRef = 6DF310FC1F4288AC008B2878 /* Book.swift */; };
		6DF311031F42B653008B2878 /* TeacherUpLoaeCell.swift in Sources */ = {isa = PBXBuildFile; fileRef = 6DF311021F42B653008B2878 /* TeacherUpLoaeCell.swift */; };
		6DF417511F469FED00F5032E /* TeacherSubcribeCell.swift in Sources */ = {isa = PBXBuildFile; fileRef = 6DF417501F469FED00F5032E /* TeacherSubcribeCell.swift */; };
		6DF417531F46A29000F5032E /* CustomTeacherCollection.xib in Resources */ = {isa = PBXBuildFile; fileRef = 6DF417521F46A29000F5032E /* CustomTeacherCollection.xib */; };
		6DF417551F46A2AF00F5032E /* CustomTeacherCollection.swift in Sources */ = {isa = PBXBuildFile; fileRef = 6DF417541F46A2AF00F5032E /* CustomTeacherCollection.swift */; };
		6DF417581F46A56F00F5032E /* TeacherCollectionCell.swift in Sources */ = {isa = PBXBuildFile; fileRef = 6DF417561F46A56F00F5032E /* TeacherCollectionCell.swift */; };
		6DF417591F46A56F00F5032E /* TeacherCollectionCell.xib in Resources */ = {isa = PBXBuildFile; fileRef = 6DF417571F46A56F00F5032E /* TeacherCollectionCell.xib */; };
		6DF4175B1F46ABF700F5032E /* Teacher.swift in Sources */ = {isa = PBXBuildFile; fileRef = 6DF4175A1F46ABF700F5032E /* Teacher.swift */; };
		6DF57FB91F4C808400FDC47B /* AVFoundation.framework in Frameworks */ = {isa = PBXBuildFile; fileRef = 6DF57FB81F4C808400FDC47B /* AVFoundation.framework */; };
		6DF889241F41847E005F72D7 /* Book.storyboard in Resources */ = {isa = PBXBuildFile; fileRef = 6DF889231F41847E005F72D7 /* Book.storyboard */; };
		6DF889261F418496005F72D7 /* Teacher.storyboard in Resources */ = {isa = PBXBuildFile; fileRef = 6DF889251F418496005F72D7 /* Teacher.storyboard */; };
		6DF889281F4184AC005F72D7 /* Clubs.storyboard in Resources */ = {isa = PBXBuildFile; fileRef = 6DF889271F4184AB005F72D7 /* Clubs.storyboard */; };
		6DF8892A1F41869B005F72D7 /* TopViewShare.xib in Resources */ = {isa = PBXBuildFile; fileRef = 6DF889291F41869B005F72D7 /* TopViewShare.xib */; };
		6DF8892C1F4186B4005F72D7 /* TopViewShare.swift in Sources */ = {isa = PBXBuildFile; fileRef = 6DF8892B1F4186B4005F72D7 /* TopViewShare.swift */; };
		6DF8892E1F418F40005F72D7 /* DetailTeacherViewController.swift in Sources */ = {isa = PBXBuildFile; fileRef = 6DF8892D1F418F40005F72D7 /* DetailTeacherViewController.swift */; };
		6DF889301F418F68005F72D7 /* TeacherSubscribeController.swift in Sources */ = {isa = PBXBuildFile; fileRef = 6DF8892F1F418F68005F72D7 /* TeacherSubscribeController.swift */; };
		76E08F9DCE0410B70DD2B4D3 /* Pods_BookApp.framework in Frameworks */ = {isa = PBXBuildFile; fileRef = 8CB3D8157F50B7433C570DE8 /* Pods_BookApp.framework */; };
/* End PBXBuildFile section */

/* Begin PBXFileReference section */
		380C356BBC4575357C69F281 /* Pods-BookApp.debug.xcconfig */ = {isa = PBXFileReference; includeInIndex = 1; lastKnownFileType = text.xcconfig; name = "Pods-BookApp.debug.xcconfig"; path = "Pods/Target Support Files/Pods-BookApp/Pods-BookApp.debug.xcconfig"; sourceTree = "<group>"; };
		58AF8D6A1F3D92490080A017 /* Constants.swift */ = {isa = PBXFileReference; fileEncoding = 4; lastKnownFileType = sourcecode.swift; path = Constants.swift; sourceTree = "<group>"; };
		58AF8D6C1F3EA9F40080A017 /* BookViewController.swift */ = {isa = PBXFileReference; fileEncoding = 4; lastKnownFileType = sourcecode.swift; path = BookViewController.swift; sourceTree = "<group>"; };
		58AF8D6E1F3EAF910080A017 /* TeacherViewController.swift */ = {isa = PBXFileReference; fileEncoding = 4; lastKnownFileType = sourcecode.swift; path = TeacherViewController.swift; sourceTree = "<group>"; };
		58C39DB71F3C0489001741EB /* BookApp.app */ = {isa = PBXFileReference; explicitFileType = wrapper.application; includeInIndex = 0; path = BookApp.app; sourceTree = BUILT_PRODUCTS_DIR; };
		58C39DBA1F3C0489001741EB /* AppDelegate.swift */ = {isa = PBXFileReference; lastKnownFileType = sourcecode.swift; path = AppDelegate.swift; sourceTree = "<group>"; };
		58C39DBF1F3C0489001741EB /* Base */ = {isa = PBXFileReference; lastKnownFileType = file.storyboard; name = Base; path = Base.lproj/Main.storyboard; sourceTree = "<group>"; };
		58C39DC11F3C0489001741EB /* Assets.xcassets */ = {isa = PBXFileReference; lastKnownFileType = folder.assetcatalog; path = Assets.xcassets; sourceTree = "<group>"; };
		58C39DC41F3C0489001741EB /* Base */ = {isa = PBXFileReference; lastKnownFileType = file.storyboard; name = Base; path = Base.lproj/LaunchScreen.storyboard; sourceTree = "<group>"; };
		58C39DC61F3C0489001741EB /* Info.plist */ = {isa = PBXFileReference; lastKnownFileType = text.plist.xml; path = Info.plist; sourceTree = "<group>"; };
		58C39DCD1F3C077A001741EB /* NavigationCustom.xib */ = {isa = PBXFileReference; fileEncoding = 4; lastKnownFileType = file.xib; path = NavigationCustom.xib; sourceTree = "<group>"; };
		58C39DCF1F3C10C0001741EB /* NavigationCustom.swift */ = {isa = PBXFileReference; fileEncoding = 4; lastKnownFileType = sourcecode.swift; path = NavigationCustom.swift; sourceTree = "<group>"; };
		58C39DD11F3C1F41001741EB /* BaseViewController.swift */ = {isa = PBXFileReference; fileEncoding = 4; lastKnownFileType = sourcecode.swift; path = BaseViewController.swift; sourceTree = "<group>"; };
		58C39DDA1F3C47AB001741EB /* MainViewCell.swift */ = {isa = PBXFileReference; fileEncoding = 4; lastKnownFileType = sourcecode.swift; path = MainViewCell.swift; sourceTree = "<group>"; };
		58C39DDC1F3C49C5001741EB /* MainViewController.swift */ = {isa = PBXFileReference; fileEncoding = 4; lastKnownFileType = sourcecode.swift; path = MainViewController.swift; sourceTree = "<group>"; };
		58C39DDF1F3C4F5D001741EB /* NewsModel.swift */ = {isa = PBXFileReference; fileEncoding = 4; lastKnownFileType = sourcecode.swift; path = NewsModel.swift; sourceTree = "<group>"; };
		58C39DE11F3C5662001741EB /* BottomView.xib */ = {isa = PBXFileReference; fileEncoding = 4; lastKnownFileType = file.xib; path = BottomView.xib; sourceTree = "<group>"; };
		58C39DE31F3C576C001741EB /* DetailNewsController.swift */ = {isa = PBXFileReference; fileEncoding = 4; lastKnownFileType = sourcecode.swift; path = DetailNewsController.swift; sourceTree = "<group>"; };
		58C39DE51F3C5B0B001741EB /* BottomView.swift */ = {isa = PBXFileReference; fileEncoding = 4; lastKnownFileType = sourcecode.swift; path = BottomView.swift; sourceTree = "<group>"; };
		6DE04FD31F414F33002C5E25 /* BaseViewcontrollerExtend.swift */ = {isa = PBXFileReference; fileEncoding = 4; lastKnownFileType = sourcecode.swift; path = BaseViewcontrollerExtend.swift; sourceTree = "<group>"; };
		6DED74B81F4C1D6800E4E42F /* BookTypeViewCell.swift */ = {isa = PBXFileReference; fileEncoding = 4; lastKnownFileType = sourcecode.swift; path = BookTypeViewCell.swift; sourceTree = "<group>"; };
		6DEDBD521F4593BE00526AD0 /* CustomBookCollection.xib */ = {isa = PBXFileReference; fileEncoding = 4; lastKnownFileType = file.xib; path = CustomBookCollection.xib; sourceTree = "<group>"; };
		6DEDBD541F4593DD00526AD0 /* CustomBookCollection.swift */ = {isa = PBXFileReference; fileEncoding = 4; lastKnownFileType = sourcecode.swift; path = CustomBookCollection.swift; sourceTree = "<group>"; };
		6DEDBD5A1F459B8500526AD0 /* BookCollectionViewCell.swift */ = {isa = PBXFileReference; fileEncoding = 4; lastKnownFileType = sourcecode.swift; path = BookCollectionViewCell.swift; sourceTree = "<group>"; };
		6DEDBD5B1F459B8500526AD0 /* BookCollectionViewCell.xib */ = {isa = PBXFileReference; fileEncoding = 4; lastKnownFileType = file.xib; path = BookCollectionViewCell.xib; sourceTree = "<group>"; };
		6DEFD5691F500B6900393E77 /* GetTypeOfBookTask.swift */ = {isa = PBXFileReference; fileEncoding = 4; lastKnownFileType = sourcecode.swift; path = GetTypeOfBookTask.swift; sourceTree = "<group>"; };
		6DEFD56B1F500C5400393E77 /* DefineURL.swift */ = {isa = PBXFileReference; fileEncoding = 4; lastKnownFileType = sourcecode.swift; path = DefineURL.swift; sourceTree = "<group>"; };
		6DEFD56D1F500EF500393E77 /* BookType.swift */ = {isa = PBXFileReference; fileEncoding = 4; lastKnownFileType = sourcecode.swift; path = BookType.swift; sourceTree = "<group>"; };
		6DEFD5711F501E2000393E77 /* GetListBookForTypeTask.swift */ = {isa = PBXFileReference; fileEncoding = 4; lastKnownFileType = sourcecode.swift; path = GetListBookForTypeTask.swift; sourceTree = "<group>"; };
		6DEFD7471F4A746800FB0CA5 /* CustomTopTabbar.xib */ = {isa = PBXFileReference; fileEncoding = 4; lastKnownFileType = file.xib; path = CustomTopTabbar.xib; sourceTree = "<group>"; };
		6DEFD7491F4A748500FB0CA5 /* CustomTopTabbar.swift */ = {isa = PBXFileReference; fileEncoding = 4; lastKnownFileType = sourcecode.swift; path = CustomTopTabbar.swift; sourceTree = "<group>"; };
		6DEFD74D1F4A7D1B00FB0CA5 /* BookAudioController.swift */ = {isa = PBXFileReference; fileEncoding = 4; lastKnownFileType = sourcecode.swift; path = BookAudioController.swift; sourceTree = "<group>"; };
		6DEFD74F1F4A7D2F00FB0CA5 /* BookVideoController.swift */ = {isa = PBXFileReference; fileEncoding = 4; lastKnownFileType = sourcecode.swift; path = BookVideoController.swift; sourceTree = "<group>"; };
		6DEFD7511F4A7D3E00FB0CA5 /* BookTextController.swift */ = {isa = PBXFileReference; fileEncoding = 4; lastKnownFileType = sourcecode.swift; path = BookTextController.swift; sourceTree = "<group>"; };
		6DEFD7531F4A974800FB0CA5 /* BookDetailViewController.swift */ = {isa = PBXFileReference; fileEncoding = 4; lastKnownFileType = sourcecode.swift; path = BookDetailViewController.swift; sourceTree = "<group>"; };
		6DF243A81F4D6F9400366E2F /* Type2DetailNewsViewController.swift */ = {isa = PBXFileReference; fileEncoding = 4; lastKnownFileType = sourcecode.swift; path = Type2DetailNewsViewController.swift; sourceTree = "<group>"; };
		6DF310FC1F4288AC008B2878 /* Book.swift */ = {isa = PBXFileReference; fileEncoding = 4; lastKnownFileType = sourcecode.swift; path = Book.swift; sourceTree = "<group>"; };
		6DF311021F42B653008B2878 /* TeacherUpLoaeCell.swift */ = {isa = PBXFileReference; fileEncoding = 4; lastKnownFileType = sourcecode.swift; path = TeacherUpLoaeCell.swift; sourceTree = "<group>"; };
		6DF417501F469FED00F5032E /* TeacherSubcribeCell.swift */ = {isa = PBXFileReference; fileEncoding = 4; lastKnownFileType = sourcecode.swift; path = TeacherSubcribeCell.swift; sourceTree = "<group>"; };
		6DF417521F46A29000F5032E /* CustomTeacherCollection.xib */ = {isa = PBXFileReference; fileEncoding = 4; lastKnownFileType = file.xib; path = CustomTeacherCollection.xib; sourceTree = "<group>"; };
		6DF417541F46A2AF00F5032E /* CustomTeacherCollection.swift */ = {isa = PBXFileReference; fileEncoding = 4; lastKnownFileType = sourcecode.swift; path = CustomTeacherCollection.swift; sourceTree = "<group>"; };
		6DF417561F46A56F00F5032E /* TeacherCollectionCell.swift */ = {isa = PBXFileReference; fileEncoding = 4; lastKnownFileType = sourcecode.swift; path = TeacherCollectionCell.swift; sourceTree = "<group>"; };
		6DF417571F46A56F00F5032E /* TeacherCollectionCell.xib */ = {isa = PBXFileReference; fileEncoding = 4; lastKnownFileType = file.xib; path = TeacherCollectionCell.xib; sourceTree = "<group>"; };
		6DF4175A1F46ABF700F5032E /* Teacher.swift */ = {isa = PBXFileReference; fileEncoding = 4; lastKnownFileType = sourcecode.swift; path = Teacher.swift; sourceTree = "<group>"; };
		6DF57FB81F4C808400FDC47B /* AVFoundation.framework */ = {isa = PBXFileReference; lastKnownFileType = wrapper.framework; name = AVFoundation.framework; path = System/Library/Frameworks/AVFoundation.framework; sourceTree = SDKROOT; };
		6DF889231F41847E005F72D7 /* Book.storyboard */ = {isa = PBXFileReference; fileEncoding = 4; lastKnownFileType = file.storyboard; path = Book.storyboard; sourceTree = "<group>"; };
		6DF889251F418496005F72D7 /* Teacher.storyboard */ = {isa = PBXFileReference; fileEncoding = 4; lastKnownFileType = file.storyboard; path = Teacher.storyboard; sourceTree = "<group>"; };
		6DF889271F4184AB005F72D7 /* Clubs.storyboard */ = {isa = PBXFileReference; fileEncoding = 4; lastKnownFileType = file.storyboard; path = Clubs.storyboard; sourceTree = "<group>"; };
		6DF889291F41869B005F72D7 /* TopViewShare.xib */ = {isa = PBXFileReference; fileEncoding = 4; lastKnownFileType = file.xib; path = TopViewShare.xib; sourceTree = "<group>"; };
		6DF8892B1F4186B4005F72D7 /* TopViewShare.swift */ = {isa = PBXFileReference; fileEncoding = 4; lastKnownFileType = sourcecode.swift; path = TopViewShare.swift; sourceTree = "<group>"; };
		6DF8892D1F418F40005F72D7 /* DetailTeacherViewController.swift */ = {isa = PBXFileReference; fileEncoding = 4; lastKnownFileType = sourcecode.swift; path = DetailTeacherViewController.swift; sourceTree = "<group>"; };
		6DF8892F1F418F68005F72D7 /* TeacherSubscribeController.swift */ = {isa = PBXFileReference; fileEncoding = 4; lastKnownFileType = sourcecode.swift; path = TeacherSubscribeController.swift; sourceTree = "<group>"; };
		8CB3D8157F50B7433C570DE8 /* Pods_BookApp.framework */ = {isa = PBXFileReference; explicitFileType = wrapper.framework; includeInIndex = 0; path = Pods_BookApp.framework; sourceTree = BUILT_PRODUCTS_DIR; };
		97D3CDF92D2128A3885089EA /* Pods-BookApp.release.xcconfig */ = {isa = PBXFileReference; includeInIndex = 1; lastKnownFileType = text.xcconfig; name = "Pods-BookApp.release.xcconfig"; path = "Pods/Target Support Files/Pods-BookApp/Pods-BookApp.release.xcconfig"; sourceTree = "<group>"; };
/* End PBXFileReference section */

/* Begin PBXFrameworksBuildPhase section */
		58C39DB41F3C0489001741EB /* Frameworks */ = {
			isa = PBXFrameworksBuildPhase;
			buildActionMask = 2147483647;
			files = (
				6DF57FB91F4C808400FDC47B /* AVFoundation.framework in Frameworks */,
				76E08F9DCE0410B70DD2B4D3 /* Pods_BookApp.framework in Frameworks */,
			);
			runOnlyForDeploymentPostprocessing = 0;
		};
/* End PBXFrameworksBuildPhase section */

/* Begin PBXGroup section */
		482460553D20F5C79AAB9EFA /* Frameworks */ = {
			isa = PBXGroup;
			children = (
				6DF57FB81F4C808400FDC47B /* AVFoundation.framework */,
				8CB3D8157F50B7433C570DE8 /* Pods_BookApp.framework */,
			);
			name = Frameworks;
			sourceTree = "<group>";
		};
		58C39DAE1F3C0489001741EB = {
			isa = PBXGroup;
			children = (
				58C39DB91F3C0489001741EB /* BookApp */,
				58C39DB81F3C0489001741EB /* Products */,
				8AE8F240C640D784744DE3AB /* Pods */,
				482460553D20F5C79AAB9EFA /* Frameworks */,
			);
			sourceTree = "<group>";
		};
		58C39DB81F3C0489001741EB /* Products */ = {
			isa = PBXGroup;
			children = (
				58C39DB71F3C0489001741EB /* BookApp.app */,
			);
			name = Products;
			sourceTree = "<group>";
		};
		58C39DB91F3C0489001741EB /* BookApp */ = {
			isa = PBXGroup;
			children = (
				58C39DBA1F3C0489001741EB /* AppDelegate.swift */,
				6DE04FD31F414F33002C5E25 /* BaseViewcontrollerExtend.swift */,
				58C39DD11F3C1F41001741EB /* BaseViewController.swift */,
				58AF8D6A1F3D92490080A017 /* Constants.swift */,
				6DEFD56B1F500C5400393E77 /* DefineURL.swift */,
				58C39DBE1F3C0489001741EB /* Main.storyboard */,
				6DF889231F41847E005F72D7 /* Book.storyboard */,
				6DF889251F418496005F72D7 /* Teacher.storyboard */,
				6DF889271F4184AB005F72D7 /* Clubs.storyboard */,
				58C39DC11F3C0489001741EB /* Assets.xcassets */,
				58C39DDE1F3C4EFA001741EB /* Model */,
				6DEFD5661F500AC700393E77 /* Network */,
				58C39DD51F3C360F001741EB /* Controller */,
				58C39DCC1F3C072E001741EB /* CustomNavigation */,
				58C39DC31F3C0489001741EB /* LaunchScreen.storyboard */,
				58C39DC61F3C0489001741EB /* Info.plist */,
			);
			path = BookApp;
			sourceTree = "<group>";
		};
		58C39DCC1F3C072E001741EB /* CustomNavigation */ = {
			isa = PBXGroup;
			children = (
				58C39DCF1F3C10C0001741EB /* NavigationCustom.swift */,
				58C39DCD1F3C077A001741EB /* NavigationCustom.xib */,
				58C39DE51F3C5B0B001741EB /* BottomView.swift */,
				58C39DE11F3C5662001741EB /* BottomView.xib */,
				6DF889291F41869B005F72D7 /* TopViewShare.xib */,
				6DF8892B1F4186B4005F72D7 /* TopViewShare.swift */,
			);
			name = CustomNavigation;
			sourceTree = "<group>";
		};
		58C39DD51F3C360F001741EB /* Controller */ = {
			isa = PBXGroup;
			children = (
				58C39DD61F3C363F001741EB /* News */,
				58C39DD71F3C364C001741EB /* Books */,
				58C39DD81F3C365D001741EB /* Teacher */,
				58C39DD91F3C3675001741EB /* Clubs */,
			);
			name = Controller;
			sourceTree = "<group>";
		};
		58C39DD61F3C363F001741EB /* News */ = {
			isa = PBXGroup;
			children = (
				58C39DDA1F3C47AB001741EB /* MainViewCell.swift */,
				58C39DDC1F3C49C5001741EB /* MainViewController.swift */,
				58C39DE31F3C576C001741EB /* DetailNewsController.swift */,
				6DF243A81F4D6F9400366E2F /* Type2DetailNewsViewController.swift */,
			);
			name = News;
			sourceTree = "<group>";
		};
		58C39DD71F3C364C001741EB /* Books */ = {
			isa = PBXGroup;
			children = (
				6DEFD7491F4A748500FB0CA5 /* CustomTopTabbar.swift */,
				6DEFD7471F4A746800FB0CA5 /* CustomTopTabbar.xib */,
				6DEFD74B1F4A7CC100FB0CA5 /* MainBook */,
				6DEFD74C1F4A7CD200FB0CA5 /* DetailBook */,
			);
			name = Books;
			sourceTree = "<group>";
		};
		58C39DD81F3C365D001741EB /* Teacher */ = {
			isa = PBXGroup;
			children = (
				58AF8D6E1F3EAF910080A017 /* TeacherViewController.swift */,
				6DF417541F46A2AF00F5032E /* CustomTeacherCollection.swift */,
				6DF417521F46A29000F5032E /* CustomTeacherCollection.xib */,
				6DF417561F46A56F00F5032E /* TeacherCollectionCell.swift */,
				6DF417571F46A56F00F5032E /* TeacherCollectionCell.xib */,
				6DF8892D1F418F40005F72D7 /* DetailTeacherViewController.swift */,
				6DF311021F42B653008B2878 /* TeacherUpLoaeCell.swift */,
				6DF8892F1F418F68005F72D7 /* TeacherSubscribeController.swift */,
				6DF417501F469FED00F5032E /* TeacherSubcribeCell.swift */,
			);
			name = Teacher;
			sourceTree = "<group>";
		};
		58C39DD91F3C3675001741EB /* Clubs */ = {
			isa = PBXGroup;
			children = (
			);
			name = Clubs;
			sourceTree = "<group>";
		};
		58C39DDE1F3C4EFA001741EB /* Model */ = {
			isa = PBXGroup;
			children = (
				6DEFD5731F501F6B00393E77 /* News */,
				6DEFD5741F501F7300393E77 /* Book */,
				6DEFD5751F501F7C00393E77 /* Teacher */,
				6DEFD5761F501F8500393E77 /* Clubs */,
			);
			name = Model;
			sourceTree = "<group>";
		};
		6DEFD5661F500AC700393E77 /* Network */ = {
			isa = PBXGroup;
			children = (
				6DEFD5691F500B6900393E77 /* GetTypeOfBookTask.swift */,
				6DEFD5711F501E2000393E77 /* GetListBookForTypeTask.swift */,
			);
			name = Network;
			sourceTree = "<group>";
		};
		6DEFD5731F501F6B00393E77 /* News */ = {
			isa = PBXGroup;
			children = (
				58C39DDF1F3C4F5D001741EB /* NewsModel.swift */,
			);
			name = News;
			sourceTree = "<group>";
		};
		6DEFD5741F501F7300393E77 /* Book */ = {
			isa = PBXGroup;
			children = (
				6DEFD56D1F500EF500393E77 /* BookType.swift */,
				6DF310FC1F4288AC008B2878 /* Book.swift */,
			);
			name = Book;
			sourceTree = "<group>";
		};
		6DEFD5751F501F7C00393E77 /* Teacher */ = {
			isa = PBXGroup;
			children = (
				6DF4175A1F46ABF700F5032E /* Teacher.swift */,
			);
			name = Teacher;
			sourceTree = "<group>";
		};
		6DEFD5761F501F8500393E77 /* Clubs */ = {
			isa = PBXGroup;
			children = (
			);
			name = Clubs;
			sourceTree = "<group>";
		};
		6DEFD74B1F4A7CC100FB0CA5 /* MainBook */ = {
			isa = PBXGroup;
			children = (
				58AF8D6C1F3EA9F40080A017 /* BookViewController.swift */,
				6DED74B81F4C1D6800E4E42F /* BookTypeViewCell.swift */,
				6DEDBD541F4593DD00526AD0 /* CustomBookCollection.swift */,
				6DEDBD521F4593BE00526AD0 /* CustomBookCollection.xib */,
				6DEDBD5A1F459B8500526AD0 /* BookCollectionViewCell.swift */,
				6DEDBD5B1F459B8500526AD0 /* BookCollectionViewCell.xib */,
			);
			name = MainBook;
			sourceTree = "<group>";
		};
		6DEFD74C1F4A7CD200FB0CA5 /* DetailBook */ = {
			isa = PBXGroup;
			children = (
				6DEFD7531F4A974800FB0CA5 /* BookDetailViewController.swift */,
				6DEFD74D1F4A7D1B00FB0CA5 /* BookAudioController.swift */,
				6DEFD74F1F4A7D2F00FB0CA5 /* BookVideoController.swift */,
				6DEFD7511F4A7D3E00FB0CA5 /* BookTextController.swift */,
			);
			name = DetailBook;
			sourceTree = "<group>";
		};
		8AE8F240C640D784744DE3AB /* Pods */ = {
			isa = PBXGroup;
			children = (
				380C356BBC4575357C69F281 /* Pods-BookApp.debug.xcconfig */,
				97D3CDF92D2128A3885089EA /* Pods-BookApp.release.xcconfig */,
			);
			name = Pods;
			sourceTree = "<group>";
		};
/* End PBXGroup section */

/* Begin PBXNativeTarget section */
		58C39DB61F3C0489001741EB /* BookApp */ = {
			isa = PBXNativeTarget;
			buildConfigurationList = 58C39DC91F3C0489001741EB /* Build configuration list for PBXNativeTarget "BookApp" */;
			buildPhases = (
				A28C0E1DEA963CC17A3F1E51 /* [CP] Check Pods Manifest.lock */,
				58C39DB31F3C0489001741EB /* Sources */,
				58C39DB41F3C0489001741EB /* Frameworks */,
				58C39DB51F3C0489001741EB /* Resources */,
				326C8F797EA5FA3B038F467D /* [CP] Embed Pods Frameworks */,
				6DE5238C0DBD2FE91EF8F325 /* [CP] Copy Pods Resources */,
			);
			buildRules = (
			);
			dependencies = (
			);
			name = BookApp;
			productName = BookApp;
			productReference = 58C39DB71F3C0489001741EB /* BookApp.app */;
			productType = "com.apple.product-type.application";
		};
/* End PBXNativeTarget section */

/* Begin PBXProject section */
		58C39DAF1F3C0489001741EB /* Project object */ = {
			isa = PBXProject;
			attributes = {
				LastSwiftUpdateCheck = 0830;
				LastUpgradeCheck = 0830;
				ORGANIZATIONNAME = "Le Cong";
				TargetAttributes = {
					58C39DB61F3C0489001741EB = {
						CreatedOnToolsVersion = 8.3.3;
						DevelopmentTeam = LR8467ZGMQ;
						ProvisioningStyle = Automatic;
						SystemCapabilities = {
							com.apple.BackgroundModes = {
								enabled = 1;
							};
						};
					};
				};
			};
			buildConfigurationList = 58C39DB21F3C0489001741EB /* Build configuration list for PBXProject "BookApp" */;
			compatibilityVersion = "Xcode 3.2";
			developmentRegion = English;
			hasScannedForEncodings = 0;
			knownRegions = (
				en,
				Base,
			);
			mainGroup = 58C39DAE1F3C0489001741EB;
			productRefGroup = 58C39DB81F3C0489001741EB /* Products */;
			projectDirPath = "";
			projectRoot = "";
			targets = (
				58C39DB61F3C0489001741EB /* BookApp */,
			);
		};
/* End PBXProject section */

/* Begin PBXResourcesBuildPhase section */
		58C39DB51F3C0489001741EB /* Resources */ = {
			isa = PBXResourcesBuildPhase;
			buildActionMask = 2147483647;
			files = (
				6DEFD7481F4A746800FB0CA5 /* CustomTopTabbar.xib in Resources */,
				6DF417591F46A56F00F5032E /* TeacherCollectionCell.xib in Resources */,
				6DEDBD531F4593BE00526AD0 /* CustomBookCollection.xib in Resources */,
				6DF8892A1F41869B005F72D7 /* TopViewShare.xib in Resources */,
				6DF889281F4184AC005F72D7 /* Clubs.storyboard in Resources */,
				6DEDBD5D1F459B8500526AD0 /* BookCollectionViewCell.xib in Resources */,
				58C39DCE1F3C077A001741EB /* NavigationCustom.xib in Resources */,
				6DF889241F41847E005F72D7 /* Book.storyboard in Resources */,
				58C39DC51F3C0489001741EB /* LaunchScreen.storyboard in Resources */,
				58C39DE21F3C5662001741EB /* BottomView.xib in Resources */,
				6DF889261F418496005F72D7 /* Teacher.storyboard in Resources */,
				58C39DC21F3C0489001741EB /* Assets.xcassets in Resources */,
				58C39DC01F3C0489001741EB /* Main.storyboard in Resources */,
				6DF417531F46A29000F5032E /* CustomTeacherCollection.xib in Resources */,
			);
			runOnlyForDeploymentPostprocessing = 0;
		};
/* End PBXResourcesBuildPhase section */

/* Begin PBXShellScriptBuildPhase section */
		326C8F797EA5FA3B038F467D /* [CP] Embed Pods Frameworks */ = {
			isa = PBXShellScriptBuildPhase;
			buildActionMask = 2147483647;
			files = (
			);
			inputPaths = (
			);
			name = "[CP] Embed Pods Frameworks";
			outputPaths = (
			);
			runOnlyForDeploymentPostprocessing = 0;
			shellPath = /bin/sh;
			shellScript = "\"${SRCROOT}/Pods/Target Support Files/Pods-BookApp/Pods-BookApp-frameworks.sh\"\n";
			showEnvVarsInLog = 0;
		};
		6DE5238C0DBD2FE91EF8F325 /* [CP] Copy Pods Resources */ = {
			isa = PBXShellScriptBuildPhase;
			buildActionMask = 2147483647;
			files = (
			);
			inputPaths = (
			);
			name = "[CP] Copy Pods Resources";
			outputPaths = (
			);
			runOnlyForDeploymentPostprocessing = 0;
			shellPath = /bin/sh;
			shellScript = "\"${SRCROOT}/Pods/Target Support Files/Pods-BookApp/Pods-BookApp-resources.sh\"\n";
			showEnvVarsInLog = 0;
		};
		A28C0E1DEA963CC17A3F1E51 /* [CP] Check Pods Manifest.lock */ = {
			isa = PBXShellScriptBuildPhase;
			buildActionMask = 2147483647;
			files = (
			);
			inputPaths = (
			);
			name = "[CP] Check Pods Manifest.lock";
			outputPaths = (
			);
			runOnlyForDeploymentPostprocessing = 0;
			shellPath = /bin/sh;
			shellScript = "diff \"${PODS_PODFILE_DIR_PATH}/Podfile.lock\" \"${PODS_ROOT}/Manifest.lock\" > /dev/null\nif [ $? != 0 ] ; then\n    # print error to STDERR\n    echo \"error: The sandbox is not in sync with the Podfile.lock. Run 'pod install' or update your CocoaPods installation.\" >&2\n    exit 1\nfi\n";
			showEnvVarsInLog = 0;
		};
/* End PBXShellScriptBuildPhase section */

/* Begin PBXSourcesBuildPhase section */
		58C39DB31F3C0489001741EB /* Sources */ = {
			isa = PBXSourcesBuildPhase;
			buildActionMask = 2147483647;
			files = (
				6DF8892E1F418F40005F72D7 /* DetailTeacherViewController.swift in Sources */,
				6DF311031F42B653008B2878 /* TeacherUpLoaeCell.swift in Sources */,
				6DF417581F46A56F00F5032E /* TeacherCollectionCell.swift in Sources */,
				6DF417551F46A2AF00F5032E /* CustomTeacherCollection.swift in Sources */,
				6DEFD7501F4A7D2F00FB0CA5 /* BookVideoController.swift in Sources */,
				58C39DE01F3C4F5D001741EB /* NewsModel.swift in Sources */,
				6DEDBD5C1F459B8500526AD0 /* BookCollectionViewCell.swift in Sources */,
				58C39DDB1F3C47AB001741EB /* MainViewCell.swift in Sources */,
				6DEFD56C1F500C5400393E77 /* DefineURL.swift in Sources */,
				6DF889301F418F68005F72D7 /* TeacherSubscribeController.swift in Sources */,
				6DEFD56E1F500EF500393E77 /* BookType.swift in Sources */,
				58C39DD01F3C10C0001741EB /* NavigationCustom.swift in Sources */,
				58C39DE61F3C5B0B001741EB /* BottomView.swift in Sources */,
				6DF243A91F4D6F9400366E2F /* Type2DetailNewsViewController.swift in Sources */,
				6DEFD74E1F4A7D1B00FB0CA5 /* BookAudioController.swift in Sources */,
				58AF8D6F1F3EAF910080A017 /* TeacherViewController.swift in Sources */,
				6DEFD5721F501E2000393E77 /* GetListBookForTypeTask.swift in Sources */,
				6DF8892C1F4186B4005F72D7 /* TopViewShare.swift in Sources */,
				6DEDBD551F4593DD00526AD0 /* CustomBookCollection.swift in Sources */,
				58C39DD21F3C1F41001741EB /* BaseViewController.swift in Sources */,
				58C39DBB1F3C0489001741EB /* AppDelegate.swift in Sources */,
				6DE04FD41F414F33002C5E25 /* BaseViewcontrollerExtend.swift in Sources */,
				6DEFD7541F4A974800FB0CA5 /* BookDetailViewController.swift in Sources */,
				58C39DDD1F3C49C5001741EB /* MainViewController.swift in Sources */,
				6DEFD7521F4A7D3E00FB0CA5 /* BookTextController.swift in Sources */,
				6DF4175B1F46ABF700F5032E /* Teacher.swift in Sources */,
				6DEFD74A1F4A748500FB0CA5 /* CustomTopTabbar.swift in Sources */,
				6DEFD56A1F500B6900393E77 /* GetTypeOfBookTask.swift in Sources */,
				6DF417511F469FED00F5032E /* TeacherSubcribeCell.swift in Sources */,
				6DED74B91F4C1D6800E4E42F /* BookTypeViewCell.swift in Sources */,
				6DF310FD1F4288AC008B2878 /* Book.swift in Sources */,
				58AF8D6D1F3EA9F40080A017 /* BookViewController.swift in Sources */,
				58C39DE41F3C576C001741EB /* DetailNewsController.swift in Sources */,
				58AF8D6B1F3D92490080A017 /* Constants.swift in Sources */,
			);
			runOnlyForDeploymentPostprocessing = 0;
		};
/* End PBXSourcesBuildPhase section */

/* Begin PBXVariantGroup section */
		58C39DBE1F3C0489001741EB /* Main.storyboard */ = {
			isa = PBXVariantGroup;
			children = (
				58C39DBF1F3C0489001741EB /* Base */,
			);
			name = Main.storyboard;
			sourceTree = "<group>";
		};
		58C39DC31F3C0489001741EB /* LaunchScreen.storyboard */ = {
			isa = PBXVariantGroup;
			children = (
				58C39DC41F3C0489001741EB /* Base */,
			);
			name = LaunchScreen.storyboard;
			sourceTree = "<group>";
		};
/* End PBXVariantGroup section */

/* Begin XCBuildConfiguration section */
		58C39DC71F3C0489001741EB /* Debug */ = {
			isa = XCBuildConfiguration;
			buildSettings = {
				ALWAYS_SEARCH_USER_PATHS = NO;
				CLANG_ANALYZER_NONNULL = YES;
				CLANG_ANALYZER_NUMBER_OBJECT_CONVERSION = YES_AGGRESSIVE;
				CLANG_CXX_LANGUAGE_STANDARD = "gnu++0x";
				CLANG_CXX_LIBRARY = "libc++";
				CLANG_ENABLE_MODULES = YES;
				CLANG_ENABLE_OBJC_ARC = YES;
				CLANG_WARN_BOOL_CONVERSION = YES;
				CLANG_WARN_CONSTANT_CONVERSION = YES;
				CLANG_WARN_DIRECT_OBJC_ISA_USAGE = YES_ERROR;
				CLANG_WARN_DOCUMENTATION_COMMENTS = YES;
				CLANG_WARN_EMPTY_BODY = YES;
				CLANG_WARN_ENUM_CONVERSION = YES;
				CLANG_WARN_INFINITE_RECURSION = YES;
				CLANG_WARN_INT_CONVERSION = YES;
				CLANG_WARN_OBJC_ROOT_CLASS = YES_ERROR;
				CLANG_WARN_SUSPICIOUS_MOVE = YES;
				CLANG_WARN_UNREACHABLE_CODE = YES;
				CLANG_WARN__DUPLICATE_METHOD_MATCH = YES;
				"CODE_SIGN_IDENTITY[sdk=iphoneos*]" = "iPhone Developer";
				COPY_PHASE_STRIP = NO;
				DEBUG_INFORMATION_FORMAT = dwarf;
				ENABLE_STRICT_OBJC_MSGSEND = YES;
				ENABLE_TESTABILITY = YES;
				GCC_C_LANGUAGE_STANDARD = gnu99;
				GCC_DYNAMIC_NO_PIC = NO;
				GCC_NO_COMMON_BLOCKS = YES;
				GCC_OPTIMIZATION_LEVEL = 0;
				GCC_PREPROCESSOR_DEFINITIONS = (
					"DEBUG=1",
					"$(inherited)",
				);
				GCC_WARN_64_TO_32_BIT_CONVERSION = YES;
				GCC_WARN_ABOUT_RETURN_TYPE = YES_ERROR;
				GCC_WARN_UNDECLARED_SELECTOR = YES;
				GCC_WARN_UNINITIALIZED_AUTOS = YES_AGGRESSIVE;
				GCC_WARN_UNUSED_FUNCTION = YES;
				GCC_WARN_UNUSED_VARIABLE = YES;
				IPHONEOS_DEPLOYMENT_TARGET = 10.3;
				MTL_ENABLE_DEBUG_INFO = YES;
				ONLY_ACTIVE_ARCH = YES;
				SDKROOT = iphoneos;
				SWIFT_ACTIVE_COMPILATION_CONDITIONS = DEBUG;
				SWIFT_OPTIMIZATION_LEVEL = "-Onone";
			};
			name = Debug;
		};
		58C39DC81F3C0489001741EB /* Release */ = {
			isa = XCBuildConfiguration;
			buildSettings = {
				ALWAYS_SEARCH_USER_PATHS = NO;
				CLANG_ANALYZER_NONNULL = YES;
				CLANG_ANALYZER_NUMBER_OBJECT_CONVERSION = YES_AGGRESSIVE;
				CLANG_CXX_LANGUAGE_STANDARD = "gnu++0x";
				CLANG_CXX_LIBRARY = "libc++";
				CLANG_ENABLE_MODULES = YES;
				CLANG_ENABLE_OBJC_ARC = YES;
				CLANG_WARN_BOOL_CONVERSION = YES;
				CLANG_WARN_CONSTANT_CONVERSION = YES;
				CLANG_WARN_DIRECT_OBJC_ISA_USAGE = YES_ERROR;
				CLANG_WARN_DOCUMENTATION_COMMENTS = YES;
				CLANG_WARN_EMPTY_BODY = YES;
				CLANG_WARN_ENUM_CONVERSION = YES;
				CLANG_WARN_INFINITE_RECURSION = YES;
				CLANG_WARN_INT_CONVERSION = YES;
				CLANG_WARN_OBJC_ROOT_CLASS = YES_ERROR;
				CLANG_WARN_SUSPICIOUS_MOVE = YES;
				CLANG_WARN_UNREACHABLE_CODE = YES;
				CLANG_WARN__DUPLICATE_METHOD_MATCH = YES;
				"CODE_SIGN_IDENTITY[sdk=iphoneos*]" = "iPhone Developer";
				COPY_PHASE_STRIP = NO;
				DEBUG_INFORMATION_FORMAT = "dwarf-with-dsym";
				ENABLE_NS_ASSERTIONS = NO;
				ENABLE_STRICT_OBJC_MSGSEND = YES;
				GCC_C_LANGUAGE_STANDARD = gnu99;
				GCC_NO_COMMON_BLOCKS = YES;
				GCC_WARN_64_TO_32_BIT_CONVERSION = YES;
				GCC_WARN_ABOUT_RETURN_TYPE = YES_ERROR;
				GCC_WARN_UNDECLARED_SELECTOR = YES;
				GCC_WARN_UNINITIALIZED_AUTOS = YES_AGGRESSIVE;
				GCC_WARN_UNUSED_FUNCTION = YES;
				GCC_WARN_UNUSED_VARIABLE = YES;
				IPHONEOS_DEPLOYMENT_TARGET = 10.3;
				MTL_ENABLE_DEBUG_INFO = NO;
				SDKROOT = iphoneos;
				SWIFT_OPTIMIZATION_LEVEL = "-Owholemodule";
				VALIDATE_PRODUCT = YES;
			};
			name = Release;
		};
		58C39DCA1F3C0489001741EB /* Debug */ = {
			isa = XCBuildConfiguration;
			baseConfigurationReference = 380C356BBC4575357C69F281 /* Pods-BookApp.debug.xcconfig */;
			buildSettings = {
				ASSETCATALOG_COMPILER_APPICON_NAME = AppIcon;
				DEVELOPMENT_TEAM = LR8467ZGMQ;
				INFOPLIST_FILE = BookApp/Info.plist;
				IPHONEOS_DEPLOYMENT_TARGET = 8.0;
				LD_RUNPATH_SEARCH_PATHS = "$(inherited) @executable_path/Frameworks";
				PRODUCT_BUNDLE_IDENTIFIER = vn.conglv.BookApp;
				PRODUCT_NAME = "$(TARGET_NAME)";
				SWIFT_VERSION = 3.0;
			};
			name = Debug;
		};
		58C39DCB1F3C0489001741EB /* Release */ = {
			isa = XCBuildConfiguration;
			baseConfigurationReference = 97D3CDF92D2128A3885089EA /* Pods-BookApp.release.xcconfig */;
			buildSettings = {
				ASSETCATALOG_COMPILER_APPICON_NAME = AppIcon;
				DEVELOPMENT_TEAM = LR8467ZGMQ;
				INFOPLIST_FILE = BookApp/Info.plist;
				IPHONEOS_DEPLOYMENT_TARGET = 8.0;
				LD_RUNPATH_SEARCH_PATHS = "$(inherited) @executable_path/Frameworks";
				PRODUCT_BUNDLE_IDENTIFIER = vn.conglv.BookApp;
				PRODUCT_NAME = "$(TARGET_NAME)";
				SWIFT_VERSION = 3.0;
			};
			name = Release;
		};
/* End XCBuildConfiguration section */

/* Begin XCConfigurationList section */
		58C39DB21F3C0489001741EB /* Build configuration list for PBXProject "BookApp" */ = {
			isa = XCConfigurationList;
			buildConfigurations = (
				58C39DC71F3C0489001741EB /* Debug */,
				58C39DC81F3C0489001741EB /* Release */,
			);
			defaultConfigurationIsVisible = 0;
			defaultConfigurationName = Release;
		};
		58C39DC91F3C0489001741EB /* Build configuration list for PBXNativeTarget "BookApp" */ = {
			isa = XCConfigurationList;
			buildConfigurations = (
				58C39DCA1F3C0489001741EB /* Debug */,
				58C39DCB1F3C0489001741EB /* Release */,
			);
			defaultConfigurationIsVisible = 0;
			defaultConfigurationName = Release;
		};
/* End XCConfigurationList section */
	};
	rootObject = 58C39DAF1F3C0489001741EB /* Project object */;
}
